// !$*UTF8*$!
{
	archiveVersion = 1;
	classes = {
	};
	objectVersion = 51;
	objects = {

/* Begin PBXBuildFile section */
		C6213F8A8F2D47E3FC061AF7 /* Pods_VPNAPP.framework in Frameworks */ = {isa = PBXBuildFile; fileRef = AFC84A5786EBD76E414EF01F /* Pods_VPNAPP.framework */; };
		DD1A1D9D26E237D300565838 /* Menu.swift in Sources */ = {isa = PBXBuildFile; fileRef = DD1A1D9C26E237D300565838 /* Menu.swift */; };
		DD1A1D9F26E2383600565838 /* ContactSupport.swift in Sources */ = {isa = PBXBuildFile; fileRef = DD1A1D9E26E2383600565838 /* ContactSupport.swift */; };
		DD1A1DA126E238A500565838 /* Keyboard.swift in Sources */ = {isa = PBXBuildFile; fileRef = DD1A1DA026E238A500565838 /* Keyboard.swift */; };
		DD1A1DA326E23BA800565838 /* ContacSupportProblem.swift in Sources */ = {isa = PBXBuildFile; fileRef = DD1A1DA226E23BA800565838 /* ContacSupportProblem.swift */; };
		DD1A1DA526E2721E00565838 /* ViewExt.swift in Sources */ = {isa = PBXBuildFile; fileRef = DD1A1DA426E2721E00565838 /* ViewExt.swift */; };
		DD2F3EAA26E8E1DB00B3031C /* Request.swift in Sources */ = {isa = PBXBuildFile; fileRef = DD2F3EA926E8E1DB00B3031C /* Request.swift */; };
		DD2F3EAC26E8E4D400B3031C /* IPreferance.swift in Sources */ = {isa = PBXBuildFile; fileRef = DD2F3EAB26E8E4D400B3031C /* IPreferance.swift */; };
		DD2F3EAE26E8E4F600B3031C /* AccountUser.swift in Sources */ = {isa = PBXBuildFile; fileRef = DD2F3EAD26E8E4F600B3031C /* AccountUser.swift */; };
		DD2F3EB026E8E59300B3031C /* ServerResponce.swift in Sources */ = {isa = PBXBuildFile; fileRef = DD2F3EAF26E8E59300B3031C /* ServerResponce.swift */; };
		DD2F3EB226E8E6FD00B3031C /* AccountResponse.swift in Sources */ = {isa = PBXBuildFile; fileRef = DD2F3EB126E8E6FD00B3031C /* AccountResponse.swift */; };
		DD2F3EB426E8E7A400B3031C /* ServerDetailResponse.swift in Sources */ = {isa = PBXBuildFile; fileRef = DD2F3EB326E8E7A400B3031C /* ServerDetailResponse.swift */; };
		DD2F3EB626E8E82B00B3031C /* UpdateDetailResponse.swift in Sources */ = {isa = PBXBuildFile; fileRef = DD2F3EB526E8E82B00B3031C /* UpdateDetailResponse.swift */; };
		DD2F3EB826E8E87700B3031C /* UpdateResponse.swift in Sources */ = {isa = PBXBuildFile; fileRef = DD2F3EB726E8E87700B3031C /* UpdateResponse.swift */; };
		DD520E0526EA4A12001065ED /* ServersCell.swift in Sources */ = {isa = PBXBuildFile; fileRef = DD520E0326EA4A12001065ED /* ServersCell.swift */; };
		DD520E0626EA4A12001065ED /* ServersCell.xib in Resources */ = {isa = PBXBuildFile; fileRef = DD520E0426EA4A12001065ED /* ServersCell.xib */; };
		DD665FB726E120CB00ACEB54 /* Assets.xcassets in Resources */ = {isa = PBXBuildFile; fileRef = DD665FB626E120CB00ACEB54 /* Assets.xcassets */; };
		DD665FBC26E12B8200ACEB54 /* LaunchViewController.swift in Sources */ = {isa = PBXBuildFile; fileRef = DD665FBB26E12B8200ACEB54 /* LaunchViewController.swift */; };
		DD6CC1C026E8EE0400245173 /* ApiModel.swift in Sources */ = {isa = PBXBuildFile; fileRef = DD6CC1BF26E8EE0400245173 /* ApiModel.swift */; };
		DD6CC1C226E8EE3200245173 /* String+ext.swift in Sources */ = {isa = PBXBuildFile; fileRef = DD6CC1C126E8EE3200245173 /* String+ext.swift */; };
		DD9A24AD26E102960056F3D1 /* AppDelegate.swift in Sources */ = {isa = PBXBuildFile; fileRef = DD9A24AC26E102960056F3D1 /* AppDelegate.swift */; };
		DD9A24AF26E102960056F3D1 /* SceneDelegate.swift in Sources */ = {isa = PBXBuildFile; fileRef = DD9A24AE26E102960056F3D1 /* SceneDelegate.swift */; };
		DD9A24B126E102960056F3D1 /* ViewController.swift in Sources */ = {isa = PBXBuildFile; fileRef = DD9A24B026E102960056F3D1 /* ViewController.swift */; };
		DD9A24B426E102960056F3D1 /* Main.storyboard in Resources */ = {isa = PBXBuildFile; fileRef = DD9A24B226E102960056F3D1 /* Main.storyboard */; };
		DD9A24B726E102960056F3D1 /* VPNAPP.xcdatamodeld in Sources */ = {isa = PBXBuildFile; fileRef = DD9A24B526E102960056F3D1 /* VPNAPP.xcdatamodeld */; };
		DD9A24BC26E102970056F3D1 /* LaunchScreen.storyboard in Resources */ = {isa = PBXBuildFile; fileRef = DD9A24BA26E102970056F3D1 /* LaunchScreen.storyboard */; };
		DD9A24C826E11DDA0056F3D1 /* Home.swift in Sources */ = {isa = PBXBuildFile; fileRef = DD9A24C726E11DDA0056F3D1 /* Home.swift */; };
/* End PBXBuildFile section */

/* Begin PBXFileReference section */
		7C3D8BA4B8EF6DB5EE4A68D2 /* Pods-VPNAPP.release.xcconfig */ = {isa = PBXFileReference; includeInIndex = 1; lastKnownFileType = text.xcconfig; name = "Pods-VPNAPP.release.xcconfig"; path = "Target Support Files/Pods-VPNAPP/Pods-VPNAPP.release.xcconfig"; sourceTree = "<group>"; };
		AFC84A5786EBD76E414EF01F /* Pods_VPNAPP.framework */ = {isa = PBXFileReference; explicitFileType = wrapper.framework; includeInIndex = 0; path = Pods_VPNAPP.framework; sourceTree = BUILT_PRODUCTS_DIR; };
		DD1A1D9C26E237D300565838 /* Menu.swift */ = {isa = PBXFileReference; lastKnownFileType = sourcecode.swift; path = Menu.swift; sourceTree = "<group>"; };
		DD1A1D9E26E2383600565838 /* ContactSupport.swift */ = {isa = PBXFileReference; lastKnownFileType = sourcecode.swift; path = ContactSupport.swift; sourceTree = "<group>"; };
		DD1A1DA026E238A500565838 /* Keyboard.swift */ = {isa = PBXFileReference; lastKnownFileType = sourcecode.swift; path = Keyboard.swift; sourceTree = "<group>"; };
		DD1A1DA226E23BA800565838 /* ContacSupportProblem.swift */ = {isa = PBXFileReference; lastKnownFileType = sourcecode.swift; path = ContacSupportProblem.swift; sourceTree = "<group>"; };
		DD1A1DA426E2721E00565838 /* ViewExt.swift */ = {isa = PBXFileReference; lastKnownFileType = sourcecode.swift; path = ViewExt.swift; sourceTree = "<group>"; };
		DD2F3EA926E8E1DB00B3031C /* Request.swift */ = {isa = PBXFileReference; lastKnownFileType = sourcecode.swift; path = Request.swift; sourceTree = "<group>"; };
		DD2F3EAB26E8E4D400B3031C /* IPreferance.swift */ = {isa = PBXFileReference; lastKnownFileType = sourcecode.swift; path = IPreferance.swift; sourceTree = "<group>"; };
		DD2F3EAD26E8E4F600B3031C /* AccountUser.swift */ = {isa = PBXFileReference; lastKnownFileType = sourcecode.swift; path = AccountUser.swift; sourceTree = "<group>"; };
		DD2F3EAF26E8E59300B3031C /* ServerResponce.swift */ = {isa = PBXFileReference; lastKnownFileType = sourcecode.swift; path = ServerResponce.swift; sourceTree = "<group>"; };
		DD2F3EB126E8E6FD00B3031C /* AccountResponse.swift */ = {isa = PBXFileReference; lastKnownFileType = sourcecode.swift; path = AccountResponse.swift; sourceTree = "<group>"; };
		DD2F3EB326E8E7A400B3031C /* ServerDetailResponse.swift */ = {isa = PBXFileReference; lastKnownFileType = sourcecode.swift; path = ServerDetailResponse.swift; sourceTree = "<group>"; };
		DD2F3EB526E8E82B00B3031C /* UpdateDetailResponse.swift */ = {isa = PBXFileReference; lastKnownFileType = sourcecode.swift; path = UpdateDetailResponse.swift; sourceTree = "<group>"; };
		DD2F3EB726E8E87700B3031C /* UpdateResponse.swift */ = {isa = PBXFileReference; lastKnownFileType = sourcecode.swift; path = UpdateResponse.swift; sourceTree = "<group>"; };
		DD520E0326EA4A12001065ED /* ServersCell.swift */ = {isa = PBXFileReference; lastKnownFileType = sourcecode.swift; path = ServersCell.swift; sourceTree = "<group>"; };
		DD520E0426EA4A12001065ED /* ServersCell.xib */ = {isa = PBXFileReference; lastKnownFileType = file.xib; path = ServersCell.xib; sourceTree = "<group>"; };
		DD665FB626E120CB00ACEB54 /* Assets.xcassets */ = {isa = PBXFileReference; lastKnownFileType = folder.assetcatalog; path = Assets.xcassets; sourceTree = "<group>"; };
		DD665FBB26E12B8200ACEB54 /* LaunchViewController.swift */ = {isa = PBXFileReference; lastKnownFileType = sourcecode.swift; path = LaunchViewController.swift; sourceTree = "<group>"; };
		DD6CC1BF26E8EE0400245173 /* ApiModel.swift */ = {isa = PBXFileReference; lastKnownFileType = sourcecode.swift; path = ApiModel.swift; sourceTree = "<group>"; };
		DD6CC1C126E8EE3200245173 /* String+ext.swift */ = {isa = PBXFileReference; lastKnownFileType = sourcecode.swift; path = "String+ext.swift"; sourceTree = "<group>"; };
		DD9A24A926E102960056F3D1 /* VPNAPP.app */ = {isa = PBXFileReference; explicitFileType = wrapper.application; includeInIndex = 0; path = VPNAPP.app; sourceTree = BUILT_PRODUCTS_DIR; };
		DD9A24AC26E102960056F3D1 /* AppDelegate.swift */ = {isa = PBXFileReference; lastKnownFileType = sourcecode.swift; path = AppDelegate.swift; sourceTree = "<group>"; };
		DD9A24AE26E102960056F3D1 /* SceneDelegate.swift */ = {isa = PBXFileReference; lastKnownFileType = sourcecode.swift; path = SceneDelegate.swift; sourceTree = "<group>"; };
		DD9A24B026E102960056F3D1 /* ViewController.swift */ = {isa = PBXFileReference; lastKnownFileType = sourcecode.swift; path = ViewController.swift; sourceTree = "<group>"; };
		DD9A24B326E102960056F3D1 /* Base */ = {isa = PBXFileReference; lastKnownFileType = file.storyboard; name = Base; path = Base.lproj/Main.storyboard; sourceTree = "<group>"; };
		DD9A24B626E102960056F3D1 /* VPNAPP.xcdatamodel */ = {isa = PBXFileReference; lastKnownFileType = wrapper.xcdatamodel; path = VPNAPP.xcdatamodel; sourceTree = "<group>"; };
		DD9A24BB26E102970056F3D1 /* Base */ = {isa = PBXFileReference; lastKnownFileType = file.storyboard; name = Base; path = Base.lproj/LaunchScreen.storyboard; sourceTree = "<group>"; };
		DD9A24BD26E102970056F3D1 /* Info.plist */ = {isa = PBXFileReference; lastKnownFileType = text.plist.xml; path = Info.plist; sourceTree = "<group>"; };
		DD9A24C726E11DDA0056F3D1 /* Home.swift */ = {isa = PBXFileReference; lastKnownFileType = sourcecode.swift; name = Home.swift; path = ../../../Home.swift; sourceTree = "<group>"; };
		E8381BC3919F00B876CE4EDA /* Pods-VPNAPP.debug.xcconfig */ = {isa = PBXFileReference; includeInIndex = 1; lastKnownFileType = text.xcconfig; name = "Pods-VPNAPP.debug.xcconfig"; path = "Target Support Files/Pods-VPNAPP/Pods-VPNAPP.debug.xcconfig"; sourceTree = "<group>"; };
/* End PBXFileReference section */

/* Begin PBXFrameworksBuildPhase section */
		DD9A24A626E102960056F3D1 /* Frameworks */ = {
			isa = PBXFrameworksBuildPhase;
			buildActionMask = 2147483647;
			files = (
				C6213F8A8F2D47E3FC061AF7 /* Pods_VPNAPP.framework in Frameworks */,
			);
			runOnlyForDeploymentPostprocessing = 0;
		};
/* End PBXFrameworksBuildPhase section */

/* Begin PBXGroup section */
		7A291A0EA30614DC5692A1E0 /* Pods */ = {
			isa = PBXGroup;
			children = (
				E8381BC3919F00B876CE4EDA /* Pods-VPNAPP.debug.xcconfig */,
				7C3D8BA4B8EF6DB5EE4A68D2 /* Pods-VPNAPP.release.xcconfig */,
			);
			path = Pods;
			sourceTree = "<group>";
		};
		DD2F3EA726E8E1BA00B3031C /* Model */ = {
			isa = PBXGroup;
			children = (
				DD2F3EAB26E8E4D400B3031C /* IPreferance.swift */,
				DD2F3EAD26E8E4F600B3031C /* AccountUser.swift */,
				DD2F3EAF26E8E59300B3031C /* ServerResponce.swift */,
				DD2F3EB126E8E6FD00B3031C /* AccountResponse.swift */,
				DD2F3EB326E8E7A400B3031C /* ServerDetailResponse.swift */,
				DD2F3EB526E8E82B00B3031C /* UpdateDetailResponse.swift */,
				DD2F3EB726E8E87700B3031C /* UpdateResponse.swift */,
			);
			path = Model;
			sourceTree = "<group>";
		};
		DD2F3EA826E8E1CA00B3031C /* Service */ = {
			isa = PBXGroup;
			children = (
				DD2F3EA926E8E1DB00B3031C /* Request.swift */,
			);
			path = Service;
			sourceTree = "<group>";
		};
		DD520E0726EA4A20001065ED /* Xibs */ = {
			isa = PBXGroup;
			children = (
				DD520E0426EA4A12001065ED /* ServersCell.xib */,
			);
			name = Xibs;
			sourceTree = "<group>";
		};
		DD520E0826EA4A2B001065ED /* Class */ = {
			isa = PBXGroup;
			children = (
				DD520E0326EA4A12001065ED /* ServersCell.swift */,
			);
			name = Class;
			sourceTree = "<group>";
		};
		DD665FB826E12B2300ACEB54 /* Extension */ = {
			isa = PBXGroup;
			children = (
				DD1A1DA026E238A500565838 /* Keyboard.swift */,
				DD1A1DA426E2721E00565838 /* ViewExt.swift */,
				DD6CC1C126E8EE3200245173 /* String+ext.swift */,
			);
			path = Extension;
			sourceTree = "<group>";
		};
		DD6CC1BE26E8ED4F00245173 /* ViewModel */ = {
			isa = PBXGroup;
			children = (
				DD6CC1BF26E8EE0400245173 /* ApiModel.swift */,
			);
			path = ViewModel;
			sourceTree = "<group>";
		};
		DD9A24A026E102950056F3D1 = {
			isa = PBXGroup;
			children = (
				DD9A24AB26E102960056F3D1 /* VPNAPP */,
				DD9A24AA26E102960056F3D1 /* Products */,
				7A291A0EA30614DC5692A1E0 /* Pods */,
				FFA299CCCC43DD23591EDE3F /* Frameworks */,
			);
			sourceTree = "<group>";
		};
		DD9A24AA26E102960056F3D1 /* Products */ = {
			isa = PBXGroup;
			children = (
				DD9A24A926E102960056F3D1 /* VPNAPP.app */,
			);
			name = Products;
			sourceTree = "<group>";
		};
		DD9A24AB26E102960056F3D1 /* VPNAPP */ = {
			isa = PBXGroup;
			children = (
				DD6CC1BE26E8ED4F00245173 /* ViewModel */,
				DD2F3EA826E8E1CA00B3031C /* Service */,
				DD2F3EA726E8E1BA00B3031C /* Model */,
				DD665FB826E12B2300ACEB54 /* Extension */,
				DD9A24C326E105260056F3D1 /* View */,
				DD9A24C626E11DBE0056F3D1 /* ViewController */,
				DD9A24AC26E102960056F3D1 /* AppDelegate.swift */,
				DD9A24AE26E102960056F3D1 /* SceneDelegate.swift */,
				DD9A24B026E102960056F3D1 /* ViewController.swift */,
				DD9A24B226E102960056F3D1 /* Main.storyboard */,
				DD9A24BA26E102970056F3D1 /* LaunchScreen.storyboard */,
				DD9A24BD26E102970056F3D1 /* Info.plist */,
				DD9A24B526E102960056F3D1 /* VPNAPP.xcdatamodeld */,
				DD665FB626E120CB00ACEB54 /* Assets.xcassets */,
			);
			path = VPNAPP;
			sourceTree = "<group>";
		};
		DD9A24C326E105260056F3D1 /* View */ = {
			isa = PBXGroup;
			children = (
				DD520E0826EA4A2B001065ED /* Class */,
				DD520E0726EA4A20001065ED /* Xibs */,
			);
			path = View;
			sourceTree = "<group>";
		};
		DD9A24C626E11DBE0056F3D1 /* ViewController */ = {
			isa = PBXGroup;
			children = (
				DD9A24C726E11DDA0056F3D1 /* Home.swift */,
				DD665FBB26E12B8200ACEB54 /* LaunchViewController.swift */,
				DD1A1D9C26E237D300565838 /* Menu.swift */,
				DD1A1D9E26E2383600565838 /* ContactSupport.swift */,
				DD1A1DA226E23BA800565838 /* ContacSupportProblem.swift */,
			);
			path = ViewController;
			sourceTree = "<group>";
		};
		FFA299CCCC43DD23591EDE3F /* Frameworks */ = {
			isa = PBXGroup;
			children = (
				AFC84A5786EBD76E414EF01F /* Pods_VPNAPP.framework */,
			);
			name = Frameworks;
			sourceTree = "<group>";
		};
/* End PBXGroup section */

/* Begin PBXNativeTarget section */
		DD9A24A826E102960056F3D1 /* VPNAPP */ = {
			isa = PBXNativeTarget;
			buildConfigurationList = DD9A24C026E102970056F3D1 /* Build configuration list for PBXNativeTarget "VPNAPP" */;
			buildPhases = (
				0832B84446A0725822BEA6BB /* [CP] Check Pods Manifest.lock */,
				DD9A24A526E102960056F3D1 /* Sources */,
				DD9A24A626E102960056F3D1 /* Frameworks */,
				DD9A24A726E102960056F3D1 /* Resources */,
				1D784568C29ADCB799FE2562 /* [CP] Embed Pods Frameworks */,
			);
			buildRules = (
			);
			dependencies = (
			);
			name = VPNAPP;
			productName = VPNAPP;
			productReference = DD9A24A926E102960056F3D1 /* VPNAPP.app */;
			productType = "com.apple.product-type.application";
		};
/* End PBXNativeTarget section */

/* Begin PBXProject section */
		DD9A24A126E102960056F3D1 /* Project object */ = {
			isa = PBXProject;
			attributes = {
				LastSwiftUpdateCheck = 1250;
				LastUpgradeCheck = 1250;
				TargetAttributes = {
					DD9A24A826E102960056F3D1 = {
						CreatedOnToolsVersion = 12.5.1;
					};
				};
			};
			buildConfigurationList = DD9A24A426E102960056F3D1 /* Build configuration list for PBXProject "VPNAPP" */;
			compatibilityVersion = "Xcode 9.3";
			developmentRegion = en;
			hasScannedForEncodings = 0;
			knownRegions = (
				en,
				Base,
			);
			mainGroup = DD9A24A026E102950056F3D1;
			productRefGroup = DD9A24AA26E102960056F3D1 /* Products */;
			projectDirPath = "";
			projectRoot = "";
			targets = (
				DD9A24A826E102960056F3D1 /* VPNAPP */,
			);
		};
/* End PBXProject section */

/* Begin PBXResourcesBuildPhase section */
		DD9A24A726E102960056F3D1 /* Resources */ = {
			isa = PBXResourcesBuildPhase;
			buildActionMask = 2147483647;
			files = (
				DD9A24BC26E102970056F3D1 /* LaunchScreen.storyboard in Resources */,
				DD665FB726E120CB00ACEB54 /* Assets.xcassets in Resources */,
				DD520E0626EA4A12001065ED /* ServersCell.xib in Resources */,
				DD9A24B426E102960056F3D1 /* Main.storyboard in Resources */,
			);
			runOnlyForDeploymentPostprocessing = 0;
		};
/* End PBXResourcesBuildPhase section */

/* Begin PBXShellScriptBuildPhase section */
		0832B84446A0725822BEA6BB /* [CP] Check Pods Manifest.lock */ = {
			isa = PBXShellScriptBuildPhase;
			buildActionMask = 2147483647;
			files = (
			);
			inputFileListPaths = (
			);
			inputPaths = (
				"${PODS_PODFILE_DIR_PATH}/Podfile.lock",
				"${PODS_ROOT}/Manifest.lock",
			);
			name = "[CP] Check Pods Manifest.lock";
			outputFileListPaths = (
			);
			outputPaths = (
				"$(DERIVED_FILE_DIR)/Pods-VPNAPP-checkManifestLockResult.txt",
			);
			runOnlyForDeploymentPostprocessing = 0;
			shellPath = /bin/sh;
			shellScript = "diff \"${PODS_PODFILE_DIR_PATH}/Podfile.lock\" \"${PODS_ROOT}/Manifest.lock\" > /dev/null\nif [ $? != 0 ] ; then\n    # print error to STDERR\n    echo \"error: The sandbox is not in sync with the Podfile.lock. Run 'pod install' or update your CocoaPods installation.\" >&2\n    exit 1\nfi\n# This output is used by Xcode 'outputs' to avoid re-running this script phase.\necho \"SUCCESS\" > \"${SCRIPT_OUTPUT_FILE_0}\"\n";
			showEnvVarsInLog = 0;
		};
		1D784568C29ADCB799FE2562 /* [CP] Embed Pods Frameworks */ = {
			isa = PBXShellScriptBuildPhase;
			buildActionMask = 2147483647;
			files = (
			);
			inputFileListPaths = (
				"${PODS_ROOT}/Target Support Files/Pods-VPNAPP/Pods-VPNAPP-frameworks-${CONFIGURATION}-input-files.xcfilelist",
			);
			name = "[CP] Embed Pods Frameworks";
			outputFileListPaths = (
				"${PODS_ROOT}/Target Support Files/Pods-VPNAPP/Pods-VPNAPP-frameworks-${CONFIGURATION}-output-files.xcfilelist",
			);
			runOnlyForDeploymentPostprocessing = 0;
			shellPath = /bin/sh;
			shellScript = "\"${PODS_ROOT}/Target Support Files/Pods-VPNAPP/Pods-VPNAPP-frameworks.sh\"\n";
			showEnvVarsInLog = 0;
		};
/* End PBXShellScriptBuildPhase section */

/* Begin PBXSourcesBuildPhase section */
		DD9A24A526E102960056F3D1 /* Sources */ = {
			isa = PBXSourcesBuildPhase;
			buildActionMask = 2147483647;
			files = (
				DD9A24B726E102960056F3D1 /* VPNAPP.xcdatamodeld in Sources */,
				DD1A1DA326E23BA800565838 /* ContacSupportProblem.swift in Sources */,
				DD520E0526EA4A12001065ED /* ServersCell.swift in Sources */,
				DD9A24B126E102960056F3D1 /* ViewController.swift in Sources */,
				DD2F3EB426E8E7A400B3031C /* ServerDetailResponse.swift in Sources */,
				DD6CC1C026E8EE0400245173 /* ApiModel.swift in Sources */,
				DD1A1DA126E238A500565838 /* Keyboard.swift in Sources */,
				DD1A1DA526E2721E00565838 /* ViewExt.swift in Sources */,
				DD6CC1C226E8EE3200245173 /* String+ext.swift in Sources */,
				DD2F3EB826E8E87700B3031C /* UpdateResponse.swift in Sources */,
				DD2F3EB626E8E82B00B3031C /* UpdateDetailResponse.swift in Sources */,
				DD2F3EAC26E8E4D400B3031C /* IPreferance.swift in Sources */,
				DD1A1D9D26E237D300565838 /* Menu.swift in Sources */,
				DD2F3EAA26E8E1DB00B3031C /* Request.swift in Sources */,
				DD9A24C826E11DDA0056F3D1 /* Home.swift in Sources */,
				DD9A24AD26E102960056F3D1 /* AppDelegate.swift in Sources */,
				DD2F3EAE26E8E4F600B3031C /* AccountUser.swift in Sources */,
				DD2F3EB026E8E59300B3031C /* ServerResponce.swift in Sources */,
				DD2F3EB226E8E6FD00B3031C /* AccountResponse.swift in Sources */,
				DD9A24AF26E102960056F3D1 /* SceneDelegate.swift in Sources */,
				DD665FBC26E12B8200ACEB54 /* LaunchViewController.swift in Sources */,
				DD1A1D9F26E2383600565838 /* ContactSupport.swift in Sources */,
			);
			runOnlyForDeploymentPostprocessing = 0;
		};
/* End PBXSourcesBuildPhase section */

/* Begin PBXVariantGroup section */
		DD9A24B226E102960056F3D1 /* Main.storyboard */ = {
			isa = PBXVariantGroup;
			children = (
				DD9A24B326E102960056F3D1 /* Base */,
			);
			name = Main.storyboard;
			sourceTree = "<group>";
		};
		DD9A24BA26E102970056F3D1 /* LaunchScreen.storyboard */ = {
			isa = PBXVariantGroup;
			children = (
				DD9A24BB26E102970056F3D1 /* Base */,
			);
			name = LaunchScreen.storyboard;
			sourceTree = "<group>";
		};
/* End PBXVariantGroup section */

/* Begin XCBuildConfiguration section */
		DD9A24BE26E102970056F3D1 /* Debug */ = {
			isa = XCBuildConfiguration;
			buildSettings = {
				ALWAYS_SEARCH_USER_PATHS = NO;
				CLANG_ANALYZER_NONNULL = YES;
				CLANG_ANALYZER_NUMBER_OBJECT_CONVERSION = YES_AGGRESSIVE;
				CLANG_CXX_LANGUAGE_STANDARD = "gnu++14";
				CLANG_CXX_LIBRARY = "libc++";
				CLANG_ENABLE_MODULES = YES;
				CLANG_ENABLE_OBJC_ARC = YES;
				CLANG_ENABLE_OBJC_WEAK = YES;
				CLANG_WARN_BLOCK_CAPTURE_AUTORELEASING = YES;
				CLANG_WARN_BOOL_CONVERSION = YES;
				CLANG_WARN_COMMA = YES;
				CLANG_WARN_CONSTANT_CONVERSION = YES;
				CLANG_WARN_DEPRECATED_OBJC_IMPLEMENTATIONS = YES;
				CLANG_WARN_DIRECT_OBJC_ISA_USAGE = YES_ERROR;
				CLANG_WARN_DOCUMENTATION_COMMENTS = YES;
				CLANG_WARN_EMPTY_BODY = YES;
				CLANG_WARN_ENUM_CONVERSION = YES;
				CLANG_WARN_INFINITE_RECURSION = YES;
				CLANG_WARN_INT_CONVERSION = YES;
				CLANG_WARN_NON_LITERAL_NULL_CONVERSION = YES;
				CLANG_WARN_OBJC_IMPLICIT_RETAIN_SELF = YES;
				CLANG_WARN_OBJC_LITERAL_CONVERSION = YES;
				CLANG_WARN_OBJC_ROOT_CLASS = YES_ERROR;
				CLANG_WARN_QUOTED_INCLUDE_IN_FRAMEWORK_HEADER = YES;
				CLANG_WARN_RANGE_LOOP_ANALYSIS = YES;
				CLANG_WARN_STRICT_PROTOTYPES = YES;
				CLANG_WARN_SUSPICIOUS_MOVE = YES;
				CLANG_WARN_UNGUARDED_AVAILABILITY = YES_AGGRESSIVE;
				CLANG_WARN_UNREACHABLE_CODE = YES;
				CLANG_WARN__DUPLICATE_METHOD_MATCH = YES;
				COPY_PHASE_STRIP = NO;
				DEBUG_INFORMATION_FORMAT = dwarf;
				ENABLE_STRICT_OBJC_MSGSEND = YES;
				ENABLE_TESTABILITY = YES;
				GCC_C_LANGUAGE_STANDARD = gnu11;
				GCC_DYNAMIC_NO_PIC = NO;
				GCC_NO_COMMON_BLOCKS = YES;
				GCC_OPTIMIZATION_LEVEL = 0;
				GCC_PREPROCESSOR_DEFINITIONS = (
					"DEBUG=1",
					"$(inherited)",
				);
				GCC_WARN_64_TO_32_BIT_CONVERSION = YES;
				GCC_WARN_ABOUT_RETURN_TYPE = YES_ERROR;
				GCC_WARN_UNDECLARED_SELECTOR = YES;
				GCC_WARN_UNINITIALIZED_AUTOS = YES_AGGRESSIVE;
				GCC_WARN_UNUSED_FUNCTION = YES;
				GCC_WARN_UNUSED_VARIABLE = YES;
				IPHONEOS_DEPLOYMENT_TARGET = 14.5;
				MTL_ENABLE_DEBUG_INFO = INCLUDE_SOURCE;
				MTL_FAST_MATH = YES;
				ONLY_ACTIVE_ARCH = YES;
				SDKROOT = iphoneos;
				SWIFT_ACTIVE_COMPILATION_CONDITIONS = DEBUG;
				SWIFT_OPTIMIZATION_LEVEL = "-Onone";
			};
			name = Debug;
		};
		DD9A24BF26E102970056F3D1 /* Release */ = {
			isa = XCBuildConfiguration;
			buildSettings = {
				ALWAYS_SEARCH_USER_PATHS = NO;
				CLANG_ANALYZER_NONNULL = YES;
				CLANG_ANALYZER_NUMBER_OBJECT_CONVERSION = YES_AGGRESSIVE;
				CLANG_CXX_LANGUAGE_STANDARD = "gnu++14";
				CLANG_CXX_LIBRARY = "libc++";
				CLANG_ENABLE_MODULES = YES;
				CLANG_ENABLE_OBJC_ARC = YES;
				CLANG_ENABLE_OBJC_WEAK = YES;
				CLANG_WARN_BLOCK_CAPTURE_AUTORELEASING = YES;
				CLANG_WARN_BOOL_CONVERSION = YES;
				CLANG_WARN_COMMA = YES;
				CLANG_WARN_CONSTANT_CONVERSION = YES;
				CLANG_WARN_DEPRECATED_OBJC_IMPLEMENTATIONS = YES;
				CLANG_WARN_DIRECT_OBJC_ISA_USAGE = YES_ERROR;
				CLANG_WARN_DOCUMENTATION_COMMENTS = YES;
				CLANG_WARN_EMPTY_BODY = YES;
				CLANG_WARN_ENUM_CONVERSION = YES;
				CLANG_WARN_INFINITE_RECURSION = YES;
				CLANG_WARN_INT_CONVERSION = YES;
				CLANG_WARN_NON_LITERAL_NULL_CONVERSION = YES;
				CLANG_WARN_OBJC_IMPLICIT_RETAIN_SELF = YES;
				CLANG_WARN_OBJC_LITERAL_CONVERSION = YES;
				CLANG_WARN_OBJC_ROOT_CLASS = YES_ERROR;
				CLANG_WARN_QUOTED_INCLUDE_IN_FRAMEWORK_HEADER = YES;
				CLANG_WARN_RANGE_LOOP_ANALYSIS = YES;
				CLANG_WARN_STRICT_PROTOTYPES = YES;
				CLANG_WARN_SUSPICIOUS_MOVE = YES;
				CLANG_WARN_UNGUARDED_AVAILABILITY = YES_AGGRESSIVE;
				CLANG_WARN_UNREACHABLE_CODE = YES;
				CLANG_WARN__DUPLICATE_METHOD_MATCH = YES;
				COPY_PHASE_STRIP = NO;
				DEBUG_INFORMATION_FORMAT = "dwarf-with-dsym";
				ENABLE_NS_ASSERTIONS = NO;
				ENABLE_STRICT_OBJC_MSGSEND = YES;
				GCC_C_LANGUAGE_STANDARD = gnu11;
				GCC_NO_COMMON_BLOCKS = YES;
				GCC_WARN_64_TO_32_BIT_CONVERSION = YES;
				GCC_WARN_ABOUT_RETURN_TYPE = YES_ERROR;
				GCC_WARN_UNDECLARED_SELECTOR = YES;
				GCC_WARN_UNINITIALIZED_AUTOS = YES_AGGRESSIVE;
				GCC_WARN_UNUSED_FUNCTION = YES;
				GCC_WARN_UNUSED_VARIABLE = YES;
				IPHONEOS_DEPLOYMENT_TARGET = 14.5;
				MTL_ENABLE_DEBUG_INFO = NO;
				MTL_FAST_MATH = YES;
				SDKROOT = iphoneos;
				SWIFT_COMPILATION_MODE = wholemodule;
				SWIFT_OPTIMIZATION_LEVEL = "-O";
				VALIDATE_PRODUCT = YES;
			};
			name = Release;
		};
		DD9A24C126E102970056F3D1 /* Debug */ = {
			isa = XCBuildConfiguration;
			baseConfigurationReference = E8381BC3919F00B876CE4EDA /* Pods-VPNAPP.debug.xcconfig */;
			buildSettings = {
				ASSETCATALOG_COMPILER_APPICON_NAME = AppIcon;
				ASSETCATALOG_COMPILER_GLOBAL_ACCENT_COLOR_NAME = AccentColor;
				CODE_SIGN_STYLE = Automatic;
				DEVELOPMENT_TEAM = S62D5DL32C;
				INFOPLIST_FILE = VPNAPP/Info.plist;
				LD_RUNPATH_SEARCH_PATHS = (
					"$(inherited)",
					"@executable_path/Frameworks",
				);
				PRODUCT_BUNDLE_IDENTIFIER = YPGroup.VPNAPP;
				PRODUCT_NAME = "$(TARGET_NAME)";
				SWIFT_VERSION = 5.0;
				TARGETED_DEVICE_FAMILY = "1,2";
			};
			name = Debug;
		};
		DD9A24C226E102970056F3D1 /* Release */ = {
			isa = XCBuildConfiguration;
			baseConfigurationReference = 7C3D8BA4B8EF6DB5EE4A68D2 /* Pods-VPNAPP.release.xcconfig */;
			buildSettings = {
				ASSETCATALOG_COMPILER_APPICON_NAME = AppIcon;
				ASSETCATALOG_COMPILER_GLOBAL_ACCENT_COLOR_NAME = AccentColor;
				CODE_SIGN_STYLE = Automatic;
				DEVELOPMENT_TEAM = S62D5DL32C;
				INFOPLIST_FILE = VPNAPP/Info.plist;
				LD_RUNPATH_SEARCH_PATHS = (
					"$(inherited)",
					"@executable_path/Frameworks",
				);
				PRODUCT_BUNDLE_IDENTIFIER = YPGroup.VPNAPP;
				PRODUCT_NAME = "$(TARGET_NAME)";
				SWIFT_VERSION = 5.0;
				TARGETED_DEVICE_FAMILY = "1,2";
			};
			name = Release;
		};
/* End XCBuildConfiguration section */

/* Begin XCConfigurationList section */
		DD9A24A426E102960056F3D1 /* Build configuration list for PBXProject "VPNAPP" */ = {
			isa = XCConfigurationList;
			buildConfigurations = (
				DD9A24BE26E102970056F3D1 /* Debug */,
				DD9A24BF26E102970056F3D1 /* Release */,
			);
			defaultConfigurationIsVisible = 0;
			defaultConfigurationName = Release;
		};
		DD9A24C026E102970056F3D1 /* Build configuration list for PBXNativeTarget "VPNAPP" */ = {
			isa = XCConfigurationList;
			buildConfigurations = (
				DD9A24C126E102970056F3D1 /* Debug */,
				DD9A24C226E102970056F3D1 /* Release */,
			);
			defaultConfigurationIsVisible = 0;
			defaultConfigurationName = Release;
		};
/* End XCConfigurationList section */

/* Begin XCVersionGroup section */
		DD9A24B526E102960056F3D1 /* VPNAPP.xcdatamodeld */ = {
			isa = XCVersionGroup;
			children = (
				DD9A24B626E102960056F3D1 /* VPNAPP.xcdatamodel */,
			);
			currentVersion = DD9A24B626E102960056F3D1 /* VPNAPP.xcdatamodel */;
			path = VPNAPP.xcdatamodeld;
			sourceTree = "<group>";
			versionGroupType = wrapper.xcdatamodel;
		};
/* End XCVersionGroup section */
	};
	rootObject = DD9A24A126E102960056F3D1 /* Project object */;
}
